
Microsoft Visual Studio Solution File, Format Version 12.00
# Visual Studio Version 17
VisualStudioVersion = 17.3.32804.467
MinimumVisualStudioVersion = 10.0.40219.1
Project("{FAE04EC0-301F-11D3-BF4B-00C04F79EFBC}") = "SMS.Web", "SMS.Web.csproj", "{054A0638-120A-4D97-8C27-E61F40C2C790}"
EndProject
Global
	GlobalSection(SolutionConfigurationPlatforms) = preSolution
		Debug|Any CPU = Debug|Any CPU
		Release|Any CPU = Release|Any CPU
	EndGlobalSection
	GlobalSection(ProjectConfigurationPlatforms) = postSolution
		{054A0638-120A-4D97-8C27-E61F40C2C790}.Debug|Any CPU.ActiveCfg = Debug|Any CPU
		{054A0638-120A-4D97-8C27-E61F40C2C790}.Debug|Any CPU.Build.0 = Debug|Any CPU
		{054A0638-120A-4D97-8C27-E61F40C2C790}.Release|Any CPU.ActiveCfg = Release|Any CPU
		{054A0638-120A-4D97-8C27-E61F40C2C790}.Release|Any CPU.Build.0 = Release|Any CPU
	EndGlobalSection
	GlobalSection(SolutionProperties) = preSolution
		HideSolutionNode = FALSE
	EndGlobalSection
	GlobalSection(ExtensibilityGlobals) = postSolution
		SolutionGuid = {ED6916B2-A436-4A24-8F79-52D71A157C7E}
	EndGlobalSection
EndGlobal
